// !$*UTF8*$!
{
	archiveVersion = 1;
	classes = {
	};
	objectVersion = 50;
	objects = {

/* Begin PBXBuildFile section */
		D0B5A5A8248A191500C87F2E /* HeaderView.swift in Sources */ = {isa = PBXBuildFile; fileRef = D0B5A5A7248A191500C87F2E /* HeaderView.swift */; };
		D0D079722488C2CA00CF9F8B /* AppDelegate.swift in Sources */ = {isa = PBXBuildFile; fileRef = D0D079712488C2CA00CF9F8B /* AppDelegate.swift */; };
		D0D079742488C2CA00CF9F8B /* SceneDelegate.swift in Sources */ = {isa = PBXBuildFile; fileRef = D0D079732488C2CA00CF9F8B /* SceneDelegate.swift */; };
		D0D079762488C2CA00CF9F8B /* HomeController.swift in Sources */ = {isa = PBXBuildFile; fileRef = D0D079752488C2CA00CF9F8B /* HomeController.swift */; };
		D0D0797B2488C2D000CF9F8B /* Assets.xcassets in Resources */ = {isa = PBXBuildFile; fileRef = D0D0797A2488C2D000CF9F8B /* Assets.xcassets */; };
		D0D0797E2488C2D000CF9F8B /* LaunchScreen.storyboard in Resources */ = {isa = PBXBuildFile; fileRef = D0D0797C2488C2D000CF9F8B /* LaunchScreen.storyboard */; };
		D0D079872488C40700CF9F8B /* EncouragmentController.swift in Sources */ = {isa = PBXBuildFile; fileRef = D0D079862488C40700CF9F8B /* EncouragmentController.swift */; };
		D0D079892488C41200CF9F8B /* AccountController.swift in Sources */ = {isa = PBXBuildFile; fileRef = D0D079882488C41200CF9F8B /* AccountController.swift */; };
		D0D0798E2488C46500CF9F8B /* TabController.swift in Sources */ = {isa = PBXBuildFile; fileRef = D0D0798D2488C46500CF9F8B /* TabController.swift */; };
		D0D079902488CA4500CF9F8B /* HomeView.swift in Sources */ = {isa = PBXBuildFile; fileRef = D0D0798F2488CA4500CF9F8B /* HomeView.swift */; };
		D0D079952489B27C00CF9F8B /* UIColor+Extension.swift in Sources */ = {isa = PBXBuildFile; fileRef = D0D079942489B27C00CF9F8B /* UIColor+Extension.swift */; };
/* End PBXBuildFile section */

/* Begin PBXFileReference section */
		D0B5A5A7248A191500C87F2E /* HeaderView.swift */ = {isa = PBXFileReference; lastKnownFileType = sourcecode.swift; path = HeaderView.swift; sourceTree = "<group>"; };
		D0D0796E2488C2CA00CF9F8B /* H.O.B.app */ = {isa = PBXFileReference; explicitFileType = wrapper.application; includeInIndex = 0; path = H.O.B.app; sourceTree = BUILT_PRODUCTS_DIR; };
		D0D079712488C2CA00CF9F8B /* AppDelegate.swift */ = {isa = PBXFileReference; lastKnownFileType = sourcecode.swift; path = AppDelegate.swift; sourceTree = "<group>"; };
		D0D079732488C2CA00CF9F8B /* SceneDelegate.swift */ = {isa = PBXFileReference; lastKnownFileType = sourcecode.swift; path = SceneDelegate.swift; sourceTree = "<group>"; };
		D0D079752488C2CA00CF9F8B /* HomeController.swift */ = {isa = PBXFileReference; lastKnownFileType = sourcecode.swift; path = HomeController.swift; sourceTree = "<group>"; };
		D0D0797A2488C2D000CF9F8B /* Assets.xcassets */ = {isa = PBXFileReference; lastKnownFileType = folder.assetcatalog; path = Assets.xcassets; sourceTree = "<group>"; };
		D0D0797D2488C2D000CF9F8B /* Base */ = {isa = PBXFileReference; lastKnownFileType = file.storyboard; name = Base; path = Base.lproj/LaunchScreen.storyboard; sourceTree = "<group>"; };
		D0D0797F2488C2D000CF9F8B /* Info.plist */ = {isa = PBXFileReference; lastKnownFileType = text.plist.xml; path = Info.plist; sourceTree = "<group>"; };
		D0D079862488C40700CF9F8B /* EncouragmentController.swift */ = {isa = PBXFileReference; lastKnownFileType = sourcecode.swift; path = EncouragmentController.swift; sourceTree = "<group>"; };
		D0D079882488C41200CF9F8B /* AccountController.swift */ = {isa = PBXFileReference; lastKnownFileType = sourcecode.swift; path = AccountController.swift; sourceTree = "<group>"; };
		D0D0798D2488C46500CF9F8B /* TabController.swift */ = {isa = PBXFileReference; lastKnownFileType = sourcecode.swift; path = TabController.swift; sourceTree = "<group>"; };
		D0D0798F2488CA4500CF9F8B /* HomeView.swift */ = {isa = PBXFileReference; lastKnownFileType = sourcecode.swift; path = HomeView.swift; sourceTree = "<group>"; };
		D0D079942489B27C00CF9F8B /* UIColor+Extension.swift */ = {isa = PBXFileReference; lastKnownFileType = sourcecode.swift; path = "UIColor+Extension.swift"; sourceTree = "<group>"; };
/* End PBXFileReference section */

/* Begin PBXFrameworksBuildPhase section */
		D0D0796B2488C2CA00CF9F8B /* Frameworks */ = {
			isa = PBXFrameworksBuildPhase;
			buildActionMask = 2147483647;
			files = (
			);
			runOnlyForDeploymentPostprocessing = 0;
		};
/* End PBXFrameworksBuildPhase section */

/* Begin PBXGroup section */
		D0D079652488C2CA00CF9F8B = {
			isa = PBXGroup;
			children = (
				D0D079702488C2CA00CF9F8B /* H.O.B */,
				D0D0796F2488C2CA00CF9F8B /* Products */,
			);
			sourceTree = "<group>";
		};
		D0D0796F2488C2CA00CF9F8B /* Products */ = {
			isa = PBXGroup;
			children = (
				D0D0796E2488C2CA00CF9F8B /* H.O.B.app */,
			);
			name = Products;
			sourceTree = "<group>";
		};
		D0D079702488C2CA00CF9F8B /* H.O.B */ = {
			isa = PBXGroup;
			children = (
				D0D079932489B26100CF9F8B /* Extensions */,
				D0D0798A2488C41700CF9F8B /* Home */,
				D0D0798C2488C42D00CF9F8B /* Account */,
				D0D0798B2488C41D00CF9F8B /* Encouragment */,
				D0D079712488C2CA00CF9F8B /* AppDelegate.swift */,
				D0D079732488C2CA00CF9F8B /* SceneDelegate.swift */,
				D0D0797A2488C2D000CF9F8B /* Assets.xcassets */,
				D0D0797C2488C2D000CF9F8B /* LaunchScreen.storyboard */,
				D0D0797F2488C2D000CF9F8B /* Info.plist */,
				D0D0798D2488C46500CF9F8B /* TabController.swift */,
			);
			path = H.O.B;
			sourceTree = "<group>";
		};
		D0D0798A2488C41700CF9F8B /* Home */ = {
			isa = PBXGroup;
			children = (
				D0D079752488C2CA00CF9F8B /* HomeController.swift */,
				D0D0798F2488CA4500CF9F8B /* HomeView.swift */,
				D0B5A5A7248A191500C87F2E /* HeaderView.swift */,
			);
			path = Home;
			sourceTree = "<group>";
		};
		D0D0798B2488C41D00CF9F8B /* Encouragment */ = {
			isa = PBXGroup;
			children = (
				D0D079862488C40700CF9F8B /* EncouragmentController.swift */,
			);
			path = Encouragment;
			sourceTree = "<group>";
		};
		D0D0798C2488C42D00CF9F8B /* Account */ = {
			isa = PBXGroup;
			children = (
				D0D079882488C41200CF9F8B /* AccountController.swift */,
			);
			path = Account;
			sourceTree = "<group>";
		};
		D0D079932489B26100CF9F8B /* Extensions */ = {
			isa = PBXGroup;
			children = (
				D0D079942489B27C00CF9F8B /* UIColor+Extension.swift */,
			);
			path = Extensions;
			sourceTree = "<group>";
		};
/* End PBXGroup section */

/* Begin PBXNativeTarget section */
		D0D0796D2488C2CA00CF9F8B /* H.O.B */ = {
			isa = PBXNativeTarget;
			buildConfigurationList = D0D079822488C2D000CF9F8B /* Build configuration list for PBXNativeTarget "H.O.B" */;
			buildPhases = (
				D0D0796A2488C2CA00CF9F8B /* Sources */,
				D0D0796B2488C2CA00CF9F8B /* Frameworks */,
				D0D0796C2488C2CA00CF9F8B /* Resources */,
			);
			buildRules = (
			);
			dependencies = (
			);
			name = H.O.B;
			productName = H.O.B;
			productReference = D0D0796E2488C2CA00CF9F8B /* H.O.B.app */;
			productType = "com.apple.product-type.application";
		};
/* End PBXNativeTarget section */

/* Begin PBXProject section */
		D0D079662488C2CA00CF9F8B /* Project object */ = {
			isa = PBXProject;
			attributes = {
				LastSwiftUpdateCheck = 1150;
				LastUpgradeCheck = 1150;
				ORGANIZATIONNAME = "Alexis Orellano";
				TargetAttributes = {
					D0D0796D2488C2CA00CF9F8B = {
						CreatedOnToolsVersion = 11.5;
					};
				};
			};
			buildConfigurationList = D0D079692488C2CA00CF9F8B /* Build configuration list for PBXProject "H.O.B" */;
			compatibilityVersion = "Xcode 9.3";
			developmentRegion = en;
			hasScannedForEncodings = 0;
			knownRegions = (
				en,
				Base,
			);
			mainGroup = D0D079652488C2CA00CF9F8B;
			productRefGroup = D0D0796F2488C2CA00CF9F8B /* Products */;
			projectDirPath = "";
			projectRoot = "";
			targets = (
				D0D0796D2488C2CA00CF9F8B /* H.O.B */,
			);
		};
/* End PBXProject section */

/* Begin PBXResourcesBuildPhase section */
		D0D0796C2488C2CA00CF9F8B /* Resources */ = {
			isa = PBXResourcesBuildPhase;
			buildActionMask = 2147483647;
			files = (
				D0D0797E2488C2D000CF9F8B /* LaunchScreen.storyboard in Resources */,
				D0D0797B2488C2D000CF9F8B /* Assets.xcassets in Resources */,
			);
			runOnlyForDeploymentPostprocessing = 0;
		};
/* End PBXResourcesBuildPhase section */

/* Begin PBXSourcesBuildPhase section */
		D0D0796A2488C2CA00CF9F8B /* Sources */ = {
			isa = PBXSourcesBuildPhase;
			buildActionMask = 2147483647;
			files = (
				D0D079762488C2CA00CF9F8B /* HomeController.swift in Sources */,
				D0B5A5A8248A191500C87F2E /* HeaderView.swift in Sources */,
				D0D079902488CA4500CF9F8B /* HomeView.swift in Sources */,
				D0D0798E2488C46500CF9F8B /* TabController.swift in Sources */,
				D0D079892488C41200CF9F8B /* AccountController.swift in Sources */,
				D0D079722488C2CA00CF9F8B /* AppDelegate.swift in Sources */,
				D0D079742488C2CA00CF9F8B /* SceneDelegate.swift in Sources */,
				D0D079872488C40700CF9F8B /* EncouragmentController.swift in Sources */,
				D0D079952489B27C00CF9F8B /* UIColor+Extension.swift in Sources */,
			);
			runOnlyForDeploymentPostprocessing = 0;
		};
/* End PBXSourcesBuildPhase section */

/* Begin PBXVariantGroup section */
		D0D0797C2488C2D000CF9F8B /* LaunchScreen.storyboard */ = {
			isa = PBXVariantGroup;
			children = (
				D0D0797D2488C2D000CF9F8B /* Base */,
			);
			name = LaunchScreen.storyboard;
			sourceTree = "<group>";
		};
/* End PBXVariantGroup section */

/* Begin XCBuildConfiguration section */
		D0D079802488C2D000CF9F8B /* Debug */ = {
			isa = XCBuildConfiguration;
			buildSettings = {
				ALWAYS_SEARCH_USER_PATHS = NO;
				CLANG_ANALYZER_NONNULL = YES;
				CLANG_ANALYZER_NUMBER_OBJECT_CONVERSION = YES_AGGRESSIVE;
				CLANG_CXX_LANGUAGE_STANDARD = "gnu++14";
				CLANG_CXX_LIBRARY = "libc++";
				CLANG_ENABLE_MODULES = YES;
				CLANG_ENABLE_OBJC_ARC = YES;
				CLANG_ENABLE_OBJC_WEAK = YES;
				CLANG_WARN_BLOCK_CAPTURE_AUTORELEASING = YES;
				CLANG_WARN_BOOL_CONVERSION = YES;
				CLANG_WARN_COMMA = YES;
				CLANG_WARN_CONSTANT_CONVERSION = YES;
				CLANG_WARN_DEPRECATED_OBJC_IMPLEMENTATIONS = YES;
				CLANG_WARN_DIRECT_OBJC_ISA_USAGE = YES_ERROR;
				CLANG_WARN_DOCUMENTATION_COMMENTS = YES;
				CLANG_WARN_EMPTY_BODY = YES;
				CLANG_WARN_ENUM_CONVERSION = YES;
				CLANG_WARN_INFINITE_RECURSION = YES;
				CLANG_WARN_INT_CONVERSION = YES;
				CLANG_WARN_NON_LITERAL_NULL_CONVERSION = YES;
				CLANG_WARN_OBJC_IMPLICIT_RETAIN_SELF = YES;
				CLANG_WARN_OBJC_LITERAL_CONVERSION = YES;
				CLANG_WARN_OBJC_ROOT_CLASS = YES_ERROR;
				CLANG_WARN_RANGE_LOOP_ANALYSIS = YES;
				CLANG_WARN_STRICT_PROTOTYPES = YES;
				CLANG_WARN_SUSPICIOUS_MOVE = YES;
				CLANG_WARN_UNGUARDED_AVAILABILITY = YES_AGGRESSIVE;
				CLANG_WARN_UNREACHABLE_CODE = YES;
				CLANG_WARN__DUPLICATE_METHOD_MATCH = YES;
				COPY_PHASE_STRIP = NO;
				DEBUG_INFORMATION_FORMAT = dwarf;
				ENABLE_STRICT_OBJC_MSGSEND = YES;
				ENABLE_TESTABILITY = YES;
				GCC_C_LANGUAGE_STANDARD = gnu11;
				GCC_DYNAMIC_NO_PIC = NO;
				GCC_NO_COMMON_BLOCKS = YES;
				GCC_OPTIMIZATION_LEVEL = 0;
				GCC_PREPROCESSOR_DEFINITIONS = (
					"DEBUG=1",
					"$(inherited)",
				);
				GCC_WARN_64_TO_32_BIT_CONVERSION = YES;
				GCC_WARN_ABOUT_RETURN_TYPE = YES_ERROR;
				GCC_WARN_UNDECLARED_SELECTOR = YES;
				GCC_WARN_UNINITIALIZED_AUTOS = YES_AGGRESSIVE;
				GCC_WARN_UNUSED_FUNCTION = YES;
				GCC_WARN_UNUSED_VARIABLE = YES;
				IPHONEOS_DEPLOYMENT_TARGET = 13.5;
				MTL_ENABLE_DEBUG_INFO = INCLUDE_SOURCE;
				MTL_FAST_MATH = YES;
				ONLY_ACTIVE_ARCH = YES;
				SDKROOT = iphoneos;
				SWIFT_ACTIVE_COMPILATION_CONDITIONS = DEBUG;
				SWIFT_OPTIMIZATION_LEVEL = "-Onone";
			};
			name = Debug;
		};
		D0D079812488C2D000CF9F8B /* Release */ = {
			isa = XCBuildConfiguration;
			buildSettings = {
				ALWAYS_SEARCH_USER_PATHS = NO;
				CLANG_ANALYZER_NONNULL = YES;
				CLANG_ANALYZER_NUMBER_OBJECT_CONVERSION = YES_AGGRESSIVE;
				CLANG_CXX_LANGUAGE_STANDARD = "gnu++14";
				CLANG_CXX_LIBRARY = "libc++";
				CLANG_ENABLE_MODULES = YES;
				CLANG_ENABLE_OBJC_ARC = YES;
				CLANG_ENABLE_OBJC_WEAK = YES;
				CLANG_WARN_BLOCK_CAPTURE_AUTORELEASING = YES;
				CLANG_WARN_BOOL_CONVERSION = YES;
				CLANG_WARN_COMMA = YES;
				CLANG_WARN_CONSTANT_CONVERSION = YES;
				CLANG_WARN_DEPRECATED_OBJC_IMPLEMENTATIONS = YES;
				CLANG_WARN_DIRECT_OBJC_ISA_USAGE = YES_ERROR;
				CLANG_WARN_DOCUMENTATION_COMMENTS = YES;
				CLANG_WARN_EMPTY_BODY = YES;
				CLANG_WARN_ENUM_CONVERSION = YES;
				CLANG_WARN_INFINITE_RECURSION = YES;
				CLANG_WARN_INT_CONVERSION = YES;
				CLANG_WARN_NON_LITERAL_NULL_CONVERSION = YES;
				CLANG_WARN_OBJC_IMPLICIT_RETAIN_SELF = YES;
				CLANG_WARN_OBJC_LITERAL_CONVERSION = YES;
				CLANG_WARN_OBJC_ROOT_CLASS = YES_ERROR;
				CLANG_WARN_RANGE_LOOP_ANALYSIS = YES;
				CLANG_WARN_STRICT_PROTOTYPES = YES;
				CLANG_WARN_SUSPICIOUS_MOVE = YES;
				CLANG_WARN_UNGUARDED_AVAILABILITY = YES_AGGRESSIVE;
				CLANG_WARN_UNREACHABLE_CODE = YES;
				CLANG_WARN__DUPLICATE_METHOD_MATCH = YES;
				COPY_PHASE_STRIP = NO;
				DEBUG_INFORMATION_FORMAT = "dwarf-with-dsym";
				ENABLE_NS_ASSERTIONS = NO;
				ENABLE_STRICT_OBJC_MSGSEND = YES;
				GCC_C_LANGUAGE_STANDARD = gnu11;
				GCC_NO_COMMON_BLOCKS = YES;
				GCC_WARN_64_TO_32_BIT_CONVERSION = YES;
				GCC_WARN_ABOUT_RETURN_TYPE = YES_ERROR;
				GCC_WARN_UNDECLARED_SELECTOR = YES;
				GCC_WARN_UNINITIALIZED_AUTOS = YES_AGGRESSIVE;
				GCC_WARN_UNUSED_FUNCTION = YES;
				GCC_WARN_UNUSED_VARIABLE = YES;
				IPHONEOS_DEPLOYMENT_TARGET = 13.5;
				MTL_ENABLE_DEBUG_INFO = NO;
				MTL_FAST_MATH = YES;
				SDKROOT = iphoneos;
				SWIFT_COMPILATION_MODE = wholemodule;
				SWIFT_OPTIMIZATION_LEVEL = "-O";
				VALIDATE_PRODUCT = YES;
			};
			name = Release;
		};
		D0D079832488C2D000CF9F8B /* Debug */ = {
			isa = XCBuildConfiguration;
			buildSettings = {
				ASSETCATALOG_COMPILER_APPICON_NAME = AppIcon;
				CODE_SIGN_STYLE = Automatic;
				DEVELOPMENT_TEAM = S7297N2DPU;
				INFOPLIST_FILE = H.O.B/Info.plist;
				LD_RUNPATH_SEARCH_PATHS = (
					"$(inherited)",
					"@executable_path/Frameworks",
				);
				PRODUCT_BUNDLE_IDENTIFIER = "Alexis.H-O-B";
				PRODUCT_NAME = "$(TARGET_NAME)";
				SWIFT_VERSION = 5.0;
				TARGETED_DEVICE_FAMILY = "1,2";
			};
			name = Debug;
		};
		D0D079842488C2D000CF9F8B /* Release */ = {
			isa = XCBuildConfiguration;
			buildSettings = {
				ASSETCATALOG_COMPILER_APPICON_NAME = AppIcon;
				CODE_SIGN_STYLE = Automatic;
				DEVELOPMENT_TEAM = S7297N2DPU;
				INFOPLIST_FILE = H.O.B/Info.plist;
				LD_RUNPATH_SEARCH_PATHS = (
					"$(inherited)",
					"@executable_path/Frameworks",
				);
				PRODUCT_BUNDLE_IDENTIFIER = "Alexis.H-O-B";
				PRODUCT_NAME = "$(TARGET_NAME)";
				SWIFT_VERSION = 5.0;
				TARGETED_DEVICE_FAMILY = "1,2";
			};
			name = Release;
		};
/* End XCBuildConfiguration section */

/* Begin XCConfigurationList section */
		D0D079692488C2CA00CF9F8B /* Build configuration list for PBXProject "H.O.B" */ = {
			isa = XCConfigurationList;
			buildConfigurations = (
				D0D079802488C2D000CF9F8B /* Debug */,
				D0D079812488C2D000CF9F8B /* Release */,
			);
			defaultConfigurationIsVisible = 0;
			defaultConfigurationName = Release;
		};
		D0D079822488C2D000CF9F8B /* Build configuration list for PBXNativeTarget "H.O.B" */ = {
			isa = XCConfigurationList;
			buildConfigurations = (
				D0D079832488C2D000CF9F8B /* Debug */,
				D0D079842488C2D000CF9F8B /* Release */,
			);
			defaultConfigurationIsVisible = 0;
			defaultConfigurationName = Release;
		};
/* End XCConfigurationList section */
	};
	rootObject = D0D079662488C2CA00CF9F8B /* Project object */;
}
